// !$*UTF8*$!
{
	archiveVersion = 1;
	classes = {
	};
	objectVersion = 50;
	objects = {

/* Begin PBXBuildFile section */
		477110BC522A0945E7C751F6 /* libPods-DDDownloaderDemoUITests.a in Frameworks */ = {isa = PBXBuildFile; fileRef = 2F6BE113A7CE1E17AC535C8F /* libPods-DDDownloaderDemoUITests.a */; };
		518E429B6B4ACDA9FF1955E5 /* libPods-DDDownloaderDemoTests.a in Frameworks */ = {isa = PBXBuildFile; fileRef = 5BAD0B172BE49335FA75FD87 /* libPods-DDDownloaderDemoTests.a */; };
		B583F9D89F7C7034AD1D8E1F /* libPods-DDDownloaderDemo.a in Frameworks */ = {isa = PBXBuildFile; fileRef = 4F6C7E9EB7F9A16CC5159113 /* libPods-DDDownloaderDemo.a */; };
		E395EA362260616800D86267 /* DownloadCell.m in Sources */ = {isa = PBXBuildFile; fileRef = E395EA342260616800D86267 /* DownloadCell.m */; };
		E395EA372260616800D86267 /* DownloadCell.xib in Resources */ = {isa = PBXBuildFile; fileRef = E395EA352260616800D86267 /* DownloadCell.xib */; };
		E3DCEE4B225DD078006D1E72 /* AppDelegate.m in Sources */ = {isa = PBXBuildFile; fileRef = E3DCEE4A225DD078006D1E72 /* AppDelegate.m */; };
		E3DCEE53225DD078006D1E72 /* Assets.xcassets in Resources */ = {isa = PBXBuildFile; fileRef = E3DCEE52225DD078006D1E72 /* Assets.xcassets */; };
		E3DCEE56225DD078006D1E72 /* LaunchScreen.storyboard in Resources */ = {isa = PBXBuildFile; fileRef = E3DCEE54225DD078006D1E72 /* LaunchScreen.storyboard */; };
		E3DCEE59225DD078006D1E72 /* main.m in Sources */ = {isa = PBXBuildFile; fileRef = E3DCEE58225DD078006D1E72 /* main.m */; };
		E3DCEE63225DD079006D1E72 /* DDDownloaderDemoTests.m in Sources */ = {isa = PBXBuildFile; fileRef = E3DCEE62225DD079006D1E72 /* DDDownloaderDemoTests.m */; };
		E3DCEE6E225DD079006D1E72 /* DDDownloaderDemoUITests.m in Sources */ = {isa = PBXBuildFile; fileRef = E3DCEE6D225DD079006D1E72 /* DDDownloaderDemoUITests.m */; };
		E3DCEE7F225DD0D8006D1E72 /* MainViewController.m in Sources */ = {isa = PBXBuildFile; fileRef = E3DCEE7E225DD0D8006D1E72 /* MainViewController.m */; };
		E3DCEE85225DD28C006D1E72 /* SettingViewController.m in Sources */ = {isa = PBXBuildFile; fileRef = E3DCEE84225DD28C006D1E72 /* SettingViewController.m */; };
		E3EF99B3225DD38F00F412A6 /* MyDownloadsViewController.m in Sources */ = {isa = PBXBuildFile; fileRef = E3EF99B2225DD38F00F412A6 /* MyDownloadsViewController.m */; };
		E3EF99B6225DD5AC00F412A6 /* downloadSource.plist in Resources */ = {isa = PBXBuildFile; fileRef = E3EF99B5225DD5AC00F412A6 /* downloadSource.plist */; };
		E3EF99C3225DDB5700F412A6 /* MainCell.m in Sources */ = {isa = PBXBuildFile; fileRef = E3EF99C1225DDB5700F412A6 /* MainCell.m */; };
		E3EF99C4225DDB5700F412A6 /* MainCell.xib in Resources */ = {isa = PBXBuildFile; fileRef = E3EF99C2225DDB5700F412A6 /* MainCell.xib */; };
		E3EF99CB225DED3E00F412A6 /* DDDownloadFileHandler.m in Sources */ = {isa = PBXBuildFile; fileRef = E3EF99CA225DED3E00F412A6 /* DDDownloadFileHandler.m */; };
		E3EF99CE225DED5700F412A6 /* DDDownloadDBManager.m in Sources */ = {isa = PBXBuildFile; fileRef = E3EF99CD225DED5700F412A6 /* DDDownloadDBManager.m */; };
		E3EF99D1225DED6700F412A6 /* DDDownloadModel.m in Sources */ = {isa = PBXBuildFile; fileRef = E3EF99D0225DED6700F412A6 /* DDDownloadModel.m */; };
		E3EF99D3225DEDDA00F412A6 /* DDDownloadManager.m in Sources */ = {isa = PBXBuildFile; fileRef = E3EF99D2225DEDDA00F412A6 /* DDDownloadManager.m */; };
		E3EF99D7225DF6A200F412A6 /* NSString+DDExtensions.m in Sources */ = {isa = PBXBuildFile; fileRef = E3EF99D6225DF6A200F412A6 /* NSString+DDExtensions.m */; };
/* End PBXBuildFile section */

/* Begin PBXContainerItemProxy section */
		E3DCEE5F225DD079006D1E72 /* PBXContainerItemProxy */ = {
			isa = PBXContainerItemProxy;
			containerPortal = E3DCEE3E225DD078006D1E72 /* Project object */;
			proxyType = 1;
			remoteGlobalIDString = E3DCEE45225DD078006D1E72;
			remoteInfo = DDDownloaderDemo;
		};
		E3DCEE6A225DD079006D1E72 /* PBXContainerItemProxy */ = {
			isa = PBXContainerItemProxy;
			containerPortal = E3DCEE3E225DD078006D1E72 /* Project object */;
			proxyType = 1;
			remoteGlobalIDString = E3DCEE45225DD078006D1E72;
			remoteInfo = DDDownloaderDemo;
		};
/* End PBXContainerItemProxy section */

/* Begin PBXFileReference section */
		2F6BE113A7CE1E17AC535C8F /* libPods-DDDownloaderDemoUITests.a */ = {isa = PBXFileReference; explicitFileType = archive.ar; includeInIndex = 0; path = "libPods-DDDownloaderDemoUITests.a"; sourceTree = BUILT_PRODUCTS_DIR; };
		3813E29E7E157310133BB20B /* Pods-DDDownloaderDemoUITests.release.xcconfig */ = {isa = PBXFileReference; includeInIndex = 1; lastKnownFileType = text.xcconfig; name = "Pods-DDDownloaderDemoUITests.release.xcconfig"; path = "Pods/Target Support Files/Pods-DDDownloaderDemoUITests/Pods-DDDownloaderDemoUITests.release.xcconfig"; sourceTree = "<group>"; };
		4F6C7E9EB7F9A16CC5159113 /* libPods-DDDownloaderDemo.a */ = {isa = PBXFileReference; explicitFileType = archive.ar; includeInIndex = 0; path = "libPods-DDDownloaderDemo.a"; sourceTree = BUILT_PRODUCTS_DIR; };
		5897B6D40595442106967A84 /* Pods-DDDownloaderDemoTests.release.xcconfig */ = {isa = PBXFileReference; includeInIndex = 1; lastKnownFileType = text.xcconfig; name = "Pods-DDDownloaderDemoTests.release.xcconfig"; path = "Pods/Target Support Files/Pods-DDDownloaderDemoTests/Pods-DDDownloaderDemoTests.release.xcconfig"; sourceTree = "<group>"; };
		5B223BC556873498650F70C5 /* Pods-DDDownloaderDemoTests.debug.xcconfig */ = {isa = PBXFileReference; includeInIndex = 1; lastKnownFileType = text.xcconfig; name = "Pods-DDDownloaderDemoTests.debug.xcconfig"; path = "Pods/Target Support Files/Pods-DDDownloaderDemoTests/Pods-DDDownloaderDemoTests.debug.xcconfig"; sourceTree = "<group>"; };
		5BAD0B172BE49335FA75FD87 /* libPods-DDDownloaderDemoTests.a */ = {isa = PBXFileReference; explicitFileType = archive.ar; includeInIndex = 0; path = "libPods-DDDownloaderDemoTests.a"; sourceTree = BUILT_PRODUCTS_DIR; };
		73310E14C539F02DDD4B3DA9 /* Pods-DDDownloaderDemoUITests.debug.xcconfig */ = {isa = PBXFileReference; includeInIndex = 1; lastKnownFileType = text.xcconfig; name = "Pods-DDDownloaderDemoUITests.debug.xcconfig"; path = "Pods/Target Support Files/Pods-DDDownloaderDemoUITests/Pods-DDDownloaderDemoUITests.debug.xcconfig"; sourceTree = "<group>"; };
		A3AEB4011C478B1714A62D8C /* Pods-DDDownloaderDemo.debug.xcconfig */ = {isa = PBXFileReference; includeInIndex = 1; lastKnownFileType = text.xcconfig; name = "Pods-DDDownloaderDemo.debug.xcconfig"; path = "Pods/Target Support Files/Pods-DDDownloaderDemo/Pods-DDDownloaderDemo.debug.xcconfig"; sourceTree = "<group>"; };
		A7C35F65CB466C2E0BB6AFBB /* Pods-DDDownloaderDemo.release.xcconfig */ = {isa = PBXFileReference; includeInIndex = 1; lastKnownFileType = text.xcconfig; name = "Pods-DDDownloaderDemo.release.xcconfig"; path = "Pods/Target Support Files/Pods-DDDownloaderDemo/Pods-DDDownloaderDemo.release.xcconfig"; sourceTree = "<group>"; };
		E395EA332260616800D86267 /* DownloadCell.h */ = {isa = PBXFileReference; lastKnownFileType = sourcecode.c.h; path = DownloadCell.h; sourceTree = "<group>"; };
		E395EA342260616800D86267 /* DownloadCell.m */ = {isa = PBXFileReference; lastKnownFileType = sourcecode.c.objc; path = DownloadCell.m; sourceTree = "<group>"; };
		E395EA352260616800D86267 /* DownloadCell.xib */ = {isa = PBXFileReference; lastKnownFileType = file.xib; path = DownloadCell.xib; sourceTree = "<group>"; };
		E3DCEE46225DD078006D1E72 /* DDDownloaderDemo.app */ = {isa = PBXFileReference; explicitFileType = wrapper.application; includeInIndex = 0; path = DDDownloaderDemo.app; sourceTree = BUILT_PRODUCTS_DIR; };
		E3DCEE49225DD078006D1E72 /* AppDelegate.h */ = {isa = PBXFileReference; lastKnownFileType = sourcecode.c.h; path = AppDelegate.h; sourceTree = "<group>"; };
		E3DCEE4A225DD078006D1E72 /* AppDelegate.m */ = {isa = PBXFileReference; lastKnownFileType = sourcecode.c.objc; path = AppDelegate.m; sourceTree = "<group>"; };
		E3DCEE52225DD078006D1E72 /* Assets.xcassets */ = {isa = PBXFileReference; lastKnownFileType = folder.assetcatalog; path = Assets.xcassets; sourceTree = "<group>"; };
		E3DCEE55225DD078006D1E72 /* Base */ = {isa = PBXFileReference; lastKnownFileType = file.storyboard; name = Base; path = Base.lproj/LaunchScreen.storyboard; sourceTree = "<group>"; };
		E3DCEE57225DD078006D1E72 /* Info.plist */ = {isa = PBXFileReference; lastKnownFileType = text.plist.xml; path = Info.plist; sourceTree = "<group>"; };
		E3DCEE58225DD078006D1E72 /* main.m */ = {isa = PBXFileReference; lastKnownFileType = sourcecode.c.objc; path = main.m; sourceTree = "<group>"; };
		E3DCEE5E225DD079006D1E72 /* DDDownloaderDemoTests.xctest */ = {isa = PBXFileReference; explicitFileType = wrapper.cfbundle; includeInIndex = 0; path = DDDownloaderDemoTests.xctest; sourceTree = BUILT_PRODUCTS_DIR; };
		E3DCEE62225DD079006D1E72 /* DDDownloaderDemoTests.m */ = {isa = PBXFileReference; lastKnownFileType = sourcecode.c.objc; path = DDDownloaderDemoTests.m; sourceTree = "<group>"; };
		E3DCEE64225DD079006D1E72 /* Info.plist */ = {isa = PBXFileReference; lastKnownFileType = text.plist.xml; path = Info.plist; sourceTree = "<group>"; };
		E3DCEE69225DD079006D1E72 /* DDDownloaderDemoUITests.xctest */ = {isa = PBXFileReference; explicitFileType = wrapper.cfbundle; includeInIndex = 0; path = DDDownloaderDemoUITests.xctest; sourceTree = BUILT_PRODUCTS_DIR; };
		E3DCEE6D225DD079006D1E72 /* DDDownloaderDemoUITests.m */ = {isa = PBXFileReference; lastKnownFileType = sourcecode.c.objc; path = DDDownloaderDemoUITests.m; sourceTree = "<group>"; };
		E3DCEE6F225DD079006D1E72 /* Info.plist */ = {isa = PBXFileReference; lastKnownFileType = text.plist.xml; path = Info.plist; sourceTree = "<group>"; };
		E3DCEE7D225DD0D8006D1E72 /* MainViewController.h */ = {isa = PBXFileReference; lastKnownFileType = sourcecode.c.h; path = MainViewController.h; sourceTree = "<group>"; };
		E3DCEE7E225DD0D8006D1E72 /* MainViewController.m */ = {isa = PBXFileReference; lastKnownFileType = sourcecode.c.objc; path = MainViewController.m; sourceTree = "<group>"; };
		E3DCEE80225DD0FE006D1E72 /* DDDownloadManager.h */ = {isa = PBXFileReference; lastKnownFileType = sourcecode.c.h; path = DDDownloadManager.h; sourceTree = "<group>"; };
		E3DCEE83225DD28C006D1E72 /* SettingViewController.h */ = {isa = PBXFileReference; lastKnownFileType = sourcecode.c.h; path = SettingViewController.h; sourceTree = "<group>"; };
		E3DCEE84225DD28C006D1E72 /* SettingViewController.m */ = {isa = PBXFileReference; lastKnownFileType = sourcecode.c.objc; path = SettingViewController.m; sourceTree = "<group>"; };
		E3EF99B1225DD38F00F412A6 /* MyDownloadsViewController.h */ = {isa = PBXFileReference; lastKnownFileType = sourcecode.c.h; path = MyDownloadsViewController.h; sourceTree = "<group>"; };
		E3EF99B2225DD38F00F412A6 /* MyDownloadsViewController.m */ = {isa = PBXFileReference; lastKnownFileType = sourcecode.c.objc; path = MyDownloadsViewController.m; sourceTree = "<group>"; };
		E3EF99B5225DD5AC00F412A6 /* downloadSource.plist */ = {isa = PBXFileReference; lastKnownFileType = text.plist.xml; path = downloadSource.plist; sourceTree = "<group>"; };
		E3EF99C0225DDB5700F412A6 /* MainCell.h */ = {isa = PBXFileReference; lastKnownFileType = sourcecode.c.h; path = MainCell.h; sourceTree = "<group>"; };
		E3EF99C1225DDB5700F412A6 /* MainCell.m */ = {isa = PBXFileReference; lastKnownFileType = sourcecode.c.objc; path = MainCell.m; sourceTree = "<group>"; };
		E3EF99C2225DDB5700F412A6 /* MainCell.xib */ = {isa = PBXFileReference; lastKnownFileType = file.xib; path = MainCell.xib; sourceTree = "<group>"; };
		E3EF99C5225DDE9B00F412A6 /* DDDownloader.h */ = {isa = PBXFileReference; lastKnownFileType = sourcecode.c.h; path = DDDownloader.h; sourceTree = "<group>"; };
		E3EF99C9225DED3E00F412A6 /* DDDownloadFileHandler.h */ = {isa = PBXFileReference; lastKnownFileType = sourcecode.c.h; path = DDDownloadFileHandler.h; sourceTree = "<group>"; };
		E3EF99CA225DED3E00F412A6 /* DDDownloadFileHandler.m */ = {isa = PBXFileReference; lastKnownFileType = sourcecode.c.objc; path = DDDownloadFileHandler.m; sourceTree = "<group>"; };
		E3EF99CC225DED5700F412A6 /* DDDownloadDBManager.h */ = {isa = PBXFileReference; lastKnownFileType = sourcecode.c.h; path = DDDownloadDBManager.h; sourceTree = "<group>"; };
		E3EF99CD225DED5700F412A6 /* DDDownloadDBManager.m */ = {isa = PBXFileReference; lastKnownFileType = sourcecode.c.objc; path = DDDownloadDBManager.m; sourceTree = "<group>"; };
		E3EF99CF225DED6700F412A6 /* DDDownloadModel.h */ = {isa = PBXFileReference; lastKnownFileType = sourcecode.c.h; path = DDDownloadModel.h; sourceTree = "<group>"; };
		E3EF99D0225DED6700F412A6 /* DDDownloadModel.m */ = {isa = PBXFileReference; lastKnownFileType = sourcecode.c.objc; path = DDDownloadModel.m; sourceTree = "<group>"; };
		E3EF99D2225DEDDA00F412A6 /* DDDownloadManager.m */ = {isa = PBXFileReference; fileEncoding = 4; lastKnownFileType = sourcecode.c.objc; path = DDDownloadManager.m; sourceTree = "<group>"; };
		E3EF99D4225DEE0F00F412A6 /* DDDownloadStatus.h */ = {isa = PBXFileReference; lastKnownFileType = sourcecode.c.h; path = DDDownloadStatus.h; sourceTree = "<group>"; };
		E3EF99D5225DF6A200F412A6 /* NSString+DDExtensions.h */ = {isa = PBXFileReference; lastKnownFileType = sourcecode.c.h; path = "NSString+DDExtensions.h"; sourceTree = "<group>"; };
		E3EF99D6225DF6A200F412A6 /* NSString+DDExtensions.m */ = {isa = PBXFileReference; lastKnownFileType = sourcecode.c.objc; path = "NSString+DDExtensions.m"; sourceTree = "<group>"; };
/* End PBXFileReference section */

/* Begin PBXFrameworksBuildPhase section */
		E3DCEE43225DD078006D1E72 /* Frameworks */ = {
			isa = PBXFrameworksBuildPhase;
			buildActionMask = 2147483647;
			files = (
				B583F9D89F7C7034AD1D8E1F /* libPods-DDDownloaderDemo.a in Frameworks */,
			);
			runOnlyForDeploymentPostprocessing = 0;
		};
		E3DCEE5B225DD079006D1E72 /* Frameworks */ = {
			isa = PBXFrameworksBuildPhase;
			buildActionMask = 2147483647;
			files = (
				518E429B6B4ACDA9FF1955E5 /* libPods-DDDownloaderDemoTests.a in Frameworks */,
			);
			runOnlyForDeploymentPostprocessing = 0;
		};
		E3DCEE66225DD079006D1E72 /* Frameworks */ = {
			isa = PBXFrameworksBuildPhase;
			buildActionMask = 2147483647;
			files = (
				477110BC522A0945E7C751F6 /* libPods-DDDownloaderDemoUITests.a in Frameworks */,
			);
			runOnlyForDeploymentPostprocessing = 0;
		};
/* End PBXFrameworksBuildPhase section */

/* Begin PBXGroup section */
		62B6D6BD9F1246AC26B0EB90 /* Frameworks */ = {
			isa = PBXGroup;
			children = (
				4F6C7E9EB7F9A16CC5159113 /* libPods-DDDownloaderDemo.a */,
				5BAD0B172BE49335FA75FD87 /* libPods-DDDownloaderDemoTests.a */,
				2F6BE113A7CE1E17AC535C8F /* libPods-DDDownloaderDemoUITests.a */,
			);
			name = Frameworks;
			sourceTree = "<group>";
		};
		A6C82AC016A4769423D329A6 /* Pods */ = {
			isa = PBXGroup;
			children = (
				A3AEB4011C478B1714A62D8C /* Pods-DDDownloaderDemo.debug.xcconfig */,
				A7C35F65CB466C2E0BB6AFBB /* Pods-DDDownloaderDemo.release.xcconfig */,
				5B223BC556873498650F70C5 /* Pods-DDDownloaderDemoTests.debug.xcconfig */,
				5897B6D40595442106967A84 /* Pods-DDDownloaderDemoTests.release.xcconfig */,
				73310E14C539F02DDD4B3DA9 /* Pods-DDDownloaderDemoUITests.debug.xcconfig */,
				3813E29E7E157310133BB20B /* Pods-DDDownloaderDemoUITests.release.xcconfig */,
			);
			name = Pods;
			sourceTree = "<group>";
		};
		E3DCEE3D225DD078006D1E72 = {
			isa = PBXGroup;
			children = (
				E3DCEE48225DD078006D1E72 /* DDDownloaderDemo */,
				E3DCEE61225DD079006D1E72 /* DDDownloaderDemoTests */,
				E3DCEE6C225DD079006D1E72 /* DDDownloaderDemoUITests */,
				E3DCEE47225DD078006D1E72 /* Products */,
				A6C82AC016A4769423D329A6 /* Pods */,
				62B6D6BD9F1246AC26B0EB90 /* Frameworks */,
			);
			sourceTree = "<group>";
		};
		E3DCEE47225DD078006D1E72 /* Products */ = {
			isa = PBXGroup;
			children = (
				E3DCEE46225DD078006D1E72 /* DDDownloaderDemo.app */,
				E3DCEE5E225DD079006D1E72 /* DDDownloaderDemoTests.xctest */,
				E3DCEE69225DD079006D1E72 /* DDDownloaderDemoUITests.xctest */,
			);
			name = Products;
			sourceTree = "<group>";
		};
		E3DCEE48225DD078006D1E72 /* DDDownloaderDemo */ = {
			isa = PBXGroup;
			children = (
				E3DCEE7B225DD07D006D1E72 /* DDDownloader */,
				E3EF99B4225DD57E00F412A6 /* Source */,
				E3DCEE7C225DD08C006D1E72 /* Controller */,
				E3EF99B7225DD89100F412A6 /* View */,
				E3DCEE52225DD078006D1E72 /* Assets.xcassets */,
				E3DCEE54225DD078006D1E72 /* LaunchScreen.storyboard */,
				E3DCEE57225DD078006D1E72 /* Info.plist */,
				E3DCEE58225DD078006D1E72 /* main.m */,
				E3DCEE49225DD078006D1E72 /* AppDelegate.h */,
				E3DCEE4A225DD078006D1E72 /* AppDelegate.m */,
			);
			path = DDDownloaderDemo;
			sourceTree = "<group>";
		};
		E3DCEE61225DD079006D1E72 /* DDDownloaderDemoTests */ = {
			isa = PBXGroup;
			children = (
				E3DCEE62225DD079006D1E72 /* DDDownloaderDemoTests.m */,
				E3DCEE64225DD079006D1E72 /* Info.plist */,
			);
			path = DDDownloaderDemoTests;
			sourceTree = "<group>";
		};
		E3DCEE6C225DD079006D1E72 /* DDDownloaderDemoUITests */ = {
			isa = PBXGroup;
			children = (
				E3DCEE6D225DD079006D1E72 /* DDDownloaderDemoUITests.m */,
				E3DCEE6F225DD079006D1E72 /* Info.plist */,
			);
			path = DDDownloaderDemoUITests;
			sourceTree = "<group>";
		};
		E3DCEE7B225DD07D006D1E72 /* DDDownloader */ = {
			isa = PBXGroup;
			children = (
				E3EF99C5225DDE9B00F412A6 /* DDDownloader.h */,
				E3DCEE80225DD0FE006D1E72 /* DDDownloadManager.h */,
				E3EF99D2225DEDDA00F412A6 /* DDDownloadManager.m */,
				E3EF99CF225DED6700F412A6 /* DDDownloadModel.h */,
				E3EF99D0225DED6700F412A6 /* DDDownloadModel.m */,
				E3EF99CC225DED5700F412A6 /* DDDownloadDBManager.h */,
				E3EF99CD225DED5700F412A6 /* DDDownloadDBManager.m */,
				E3EF99C9225DED3E00F412A6 /* DDDownloadFileHandler.h */,
				E3EF99CA225DED3E00F412A6 /* DDDownloadFileHandler.m */,
				E3EF99D4225DEE0F00F412A6 /* DDDownloadStatus.h */,
				E3EF99D8225DF6C200F412A6 /* tools */,
			);
			path = DDDownloader;
			sourceTree = "<group>";
		};
		E3DCEE7C225DD08C006D1E72 /* Controller */ = {
			isa = PBXGroup;
			children = (
				E3DCEE7D225DD0D8006D1E72 /* MainViewController.h */,
				E3DCEE7E225DD0D8006D1E72 /* MainViewController.m */,
				E3EF99B1225DD38F00F412A6 /* MyDownloadsViewController.h */,
				E3EF99B2225DD38F00F412A6 /* MyDownloadsViewController.m */,
				E3DCEE83225DD28C006D1E72 /* SettingViewController.h */,
				E3DCEE84225DD28C006D1E72 /* SettingViewController.m */,
			);
			path = Controller;
			sourceTree = "<group>";
		};
		E3EF99B4225DD57E00F412A6 /* Source */ = {
			isa = PBXGroup;
			children = (
				E3EF99B5225DD5AC00F412A6 /* downloadSource.plist */,
			);
			path = Source;
			sourceTree = "<group>";
		};
		E3EF99B7225DD89100F412A6 /* View */ = {
			isa = PBXGroup;
			children = (
				E3EF99C0225DDB5700F412A6 /* MainCell.h */,
				E3EF99C1225DDB5700F412A6 /* MainCell.m */,
				E3EF99C2225DDB5700F412A6 /* MainCell.xib */,
				E395EA332260616800D86267 /* DownloadCell.h */,
				E395EA342260616800D86267 /* DownloadCell.m */,
				E395EA352260616800D86267 /* DownloadCell.xib */,
			);
			path = View;
			sourceTree = "<group>";
		};
		E3EF99D8225DF6C200F412A6 /* tools */ = {
			isa = PBXGroup;
			children = (
				E3EF99D5225DF6A200F412A6 /* NSString+DDExtensions.h */,
				E3EF99D6225DF6A200F412A6 /* NSString+DDExtensions.m */,
			);
			path = tools;
			sourceTree = "<group>";
		};
/* End PBXGroup section */

/* Begin PBXNativeTarget section */
		E3DCEE45225DD078006D1E72 /* DDDownloaderDemo */ = {
			isa = PBXNativeTarget;
			buildConfigurationList = E3DCEE72225DD079006D1E72 /* Build configuration list for PBXNativeTarget "DDDownloaderDemo" */;
			buildPhases = (
				7E996A29F101B08EE6CE5334 /* [CP] Check Pods Manifest.lock */,
				E3DCEE42225DD078006D1E72 /* Sources */,
				E3DCEE43225DD078006D1E72 /* Frameworks */,
				E3DCEE44225DD078006D1E72 /* Resources */,
			);
			buildRules = (
			);
			dependencies = (
			);
			name = DDDownloaderDemo;
			productName = DDDownloaderDemo;
			productReference = E3DCEE46225DD078006D1E72 /* DDDownloaderDemo.app */;
			productType = "com.apple.product-type.application";
		};
		E3DCEE5D225DD079006D1E72 /* DDDownloaderDemoTests */ = {
			isa = PBXNativeTarget;
			buildConfigurationList = E3DCEE75225DD079006D1E72 /* Build configuration list for PBXNativeTarget "DDDownloaderDemoTests" */;
			buildPhases = (
				5363F9957866E120B2DAB204 /* [CP] Check Pods Manifest.lock */,
				E3DCEE5A225DD079006D1E72 /* Sources */,
				E3DCEE5B225DD079006D1E72 /* Frameworks */,
				E3DCEE5C225DD079006D1E72 /* Resources */,
			);
			buildRules = (
			);
			dependencies = (
				E3DCEE60225DD079006D1E72 /* PBXTargetDependency */,
			);
			name = DDDownloaderDemoTests;
			productName = DDDownloaderDemoTests;
			productReference = E3DCEE5E225DD079006D1E72 /* DDDownloaderDemoTests.xctest */;
			productType = "com.apple.product-type.bundle.unit-test";
		};
		E3DCEE68225DD079006D1E72 /* DDDownloaderDemoUITests */ = {
			isa = PBXNativeTarget;
			buildConfigurationList = E3DCEE78225DD079006D1E72 /* Build configuration list for PBXNativeTarget "DDDownloaderDemoUITests" */;
			buildPhases = (
				FE85628BE94C8242F95DE127 /* [CP] Check Pods Manifest.lock */,
				E3DCEE65225DD079006D1E72 /* Sources */,
				E3DCEE66225DD079006D1E72 /* Frameworks */,
				E3DCEE67225DD079006D1E72 /* Resources */,
			);
			buildRules = (
			);
			dependencies = (
				E3DCEE6B225DD079006D1E72 /* PBXTargetDependency */,
			);
			name = DDDownloaderDemoUITests;
			productName = DDDownloaderDemoUITests;
			productReference = E3DCEE69225DD079006D1E72 /* DDDownloaderDemoUITests.xctest */;
			productType = "com.apple.product-type.bundle.ui-testing";
		};
/* End PBXNativeTarget section */

/* Begin PBXProject section */
		E3DCEE3E225DD078006D1E72 /* Project object */ = {
			isa = PBXProject;
			attributes = {
				LastUpgradeCheck = 1020;
				ORGANIZATIONNAME = "吴启晗";
				TargetAttributes = {
					E3DCEE45225DD078006D1E72 = {
						CreatedOnToolsVersion = 10.2;
						SystemCapabilities = {
							com.apple.BackgroundModes = {
								enabled = 1;
							};
						};
					};
					E3DCEE5D225DD079006D1E72 = {
						CreatedOnToolsVersion = 10.2;
						TestTargetID = E3DCEE45225DD078006D1E72;
					};
					E3DCEE68225DD079006D1E72 = {
						CreatedOnToolsVersion = 10.2;
						TestTargetID = E3DCEE45225DD078006D1E72;
					};
				};
			};
			buildConfigurationList = E3DCEE41225DD078006D1E72 /* Build configuration list for PBXProject "DDDownloaderDemo" */;
			compatibilityVersion = "Xcode 9.3";
			developmentRegion = en;
			hasScannedForEncodings = 0;
			knownRegions = (
				en,
				Base,
			);
			mainGroup = E3DCEE3D225DD078006D1E72;
			productRefGroup = E3DCEE47225DD078006D1E72 /* Products */;
			projectDirPath = "";
			projectRoot = "";
			targets = (
				E3DCEE45225DD078006D1E72 /* DDDownloaderDemo */,
				E3DCEE5D225DD079006D1E72 /* DDDownloaderDemoTests */,
				E3DCEE68225DD079006D1E72 /* DDDownloaderDemoUITests */,
			);
		};
/* End PBXProject section */

/* Begin PBXResourcesBuildPhase section */
		E3DCEE44225DD078006D1E72 /* Resources */ = {
			isa = PBXResourcesBuildPhase;
			buildActionMask = 2147483647;
			files = (
				E3EF99B6225DD5AC00F412A6 /* downloadSource.plist in Resources */,
				E3DCEE56225DD078006D1E72 /* LaunchScreen.storyboard in Resources */,
				E395EA372260616800D86267 /* DownloadCell.xib in Resources */,
				E3EF99C4225DDB5700F412A6 /* MainCell.xib in Resources */,
				E3DCEE53225DD078006D1E72 /* Assets.xcassets in Resources */,
			);
			runOnlyForDeploymentPostprocessing = 0;
		};
		E3DCEE5C225DD079006D1E72 /* Resources */ = {
			isa = PBXResourcesBuildPhase;
			buildActionMask = 2147483647;
			files = (
			);
			runOnlyForDeploymentPostprocessing = 0;
		};
		E3DCEE67225DD079006D1E72 /* Resources */ = {
			isa = PBXResourcesBuildPhase;
			buildActionMask = 2147483647;
			files = (
			);
			runOnlyForDeploymentPostprocessing = 0;
		};
/* End PBXResourcesBuildPhase section */

/* Begin PBXShellScriptBuildPhase section */
		5363F9957866E120B2DAB204 /* [CP] Check Pods Manifest.lock */ = {
			isa = PBXShellScriptBuildPhase;
			buildActionMask = 2147483647;
			files = (
			);
			inputFileListPaths = (
			);
			inputPaths = (
				"${PODS_PODFILE_DIR_PATH}/Podfile.lock",
				"${PODS_ROOT}/Manifest.lock",
			);
			name = "[CP] Check Pods Manifest.lock";
			outputFileListPaths = (
			);
			outputPaths = (
				"$(DERIVED_FILE_DIR)/Pods-DDDownloaderDemoTests-checkManifestLockResult.txt",
			);
			runOnlyForDeploymentPostprocessing = 0;
			shellPath = /bin/sh;
			shellScript = "diff \"${PODS_PODFILE_DIR_PATH}/Podfile.lock\" \"${PODS_ROOT}/Manifest.lock\" > /dev/null\nif [ $? != 0 ] ; then\n    # print error to STDERR\n    echo \"error: The sandbox is not in sync with the Podfile.lock. Run 'pod install' or update your CocoaPods installation.\" >&2\n    exit 1\nfi\n# This output is used by Xcode 'outputs' to avoid re-running this script phase.\necho \"SUCCESS\" > \"${SCRIPT_OUTPUT_FILE_0}\"\n";
			showEnvVarsInLog = 0;
		};
		7E996A29F101B08EE6CE5334 /* [CP] Check Pods Manifest.lock */ = {
			isa = PBXShellScriptBuildPhase;
			buildActionMask = 2147483647;
			files = (
			);
			inputFileListPaths = (
			);
			inputPaths = (
				"${PODS_PODFILE_DIR_PATH}/Podfile.lock",
				"${PODS_ROOT}/Manifest.lock",
			);
			name = "[CP] Check Pods Manifest.lock";
			outputFileListPaths = (
			);
			outputPaths = (
				"$(DERIVED_FILE_DIR)/Pods-DDDownloaderDemo-checkManifestLockResult.txt",
			);
			runOnlyForDeploymentPostprocessing = 0;
			shellPath = /bin/sh;
			shellScript = "diff \"${PODS_PODFILE_DIR_PATH}/Podfile.lock\" \"${PODS_ROOT}/Manifest.lock\" > /dev/null\nif [ $? != 0 ] ; then\n    # print error to STDERR\n    echo \"error: The sandbox is not in sync with the Podfile.lock. Run 'pod install' or update your CocoaPods installation.\" >&2\n    exit 1\nfi\n# This output is used by Xcode 'outputs' to avoid re-running this script phase.\necho \"SUCCESS\" > \"${SCRIPT_OUTPUT_FILE_0}\"\n";
			showEnvVarsInLog = 0;
		};
		FE85628BE94C8242F95DE127 /* [CP] Check Pods Manifest.lock */ = {
			isa = PBXShellScriptBuildPhase;
			buildActionMask = 2147483647;
			files = (
			);
			inputFileListPaths = (
			);
			inputPaths = (
				"${PODS_PODFILE_DIR_PATH}/Podfile.lock",
				"${PODS_ROOT}/Manifest.lock",
			);
			name = "[CP] Check Pods Manifest.lock";
			outputFileListPaths = (
			);
			outputPaths = (
				"$(DERIVED_FILE_DIR)/Pods-DDDownloaderDemoUITests-checkManifestLockResult.txt",
			);
			runOnlyForDeploymentPostprocessing = 0;
			shellPath = /bin/sh;
			shellScript = "diff \"${PODS_PODFILE_DIR_PATH}/Podfile.lock\" \"${PODS_ROOT}/Manifest.lock\" > /dev/null\nif [ $? != 0 ] ; then\n    # print error to STDERR\n    echo \"error: The sandbox is not in sync with the Podfile.lock. Run 'pod install' or update your CocoaPods installation.\" >&2\n    exit 1\nfi\n# This output is used by Xcode 'outputs' to avoid re-running this script phase.\necho \"SUCCESS\" > \"${SCRIPT_OUTPUT_FILE_0}\"\n";
			showEnvVarsInLog = 0;
		};
/* End PBXShellScriptBuildPhase section */

/* Begin PBXSourcesBuildPhase section */
		E3DCEE42225DD078006D1E72 /* Sources */ = {
			isa = PBXSourcesBuildPhase;
			buildActionMask = 2147483647;
			files = (
				E3EF99CE225DED5700F412A6 /* DDDownloadDBManager.m in Sources */,
				E3EF99D7225DF6A200F412A6 /* NSString+DDExtensions.m in Sources */,
				E3DCEE59225DD078006D1E72 /* main.m in Sources */,
				E3EF99CB225DED3E00F412A6 /* DDDownloadFileHandler.m in Sources */,
				E3DCEE7F225DD0D8006D1E72 /* MainViewController.m in Sources */,
				E395EA362260616800D86267 /* DownloadCell.m in Sources */,
				E3EF99D3225DEDDA00F412A6 /* DDDownloadManager.m in Sources */,
				E3EF99B3225DD38F00F412A6 /* MyDownloadsViewController.m in Sources */,
				E3EF99D1225DED6700F412A6 /* DDDownloadModel.m in Sources */,
				E3EF99C3225DDB5700F412A6 /* MainCell.m in Sources */,
				E3DCEE4B225DD078006D1E72 /* AppDelegate.m in Sources */,
				E3DCEE85225DD28C006D1E72 /* SettingViewController.m in Sources */,
			);
			runOnlyForDeploymentPostprocessing = 0;
		};
		E3DCEE5A225DD079006D1E72 /* Sources */ = {
			isa = PBXSourcesBuildPhase;
			buildActionMask = 2147483647;
			files = (
				E3DCEE63225DD079006D1E72 /* DDDownloaderDemoTests.m in Sources */,
			);
			runOnlyForDeploymentPostprocessing = 0;
		};
		E3DCEE65225DD079006D1E72 /* Sources */ = {
			isa = PBXSourcesBuildPhase;
			buildActionMask = 2147483647;
			files = (
				E3DCEE6E225DD079006D1E72 /* DDDownloaderDemoUITests.m in Sources */,
			);
			runOnlyForDeploymentPostprocessing = 0;
		};
/* End PBXSourcesBuildPhase section */

/* Begin PBXTargetDependency section */
		E3DCEE60225DD079006D1E72 /* PBXTargetDependency */ = {
			isa = PBXTargetDependency;
			target = E3DCEE45225DD078006D1E72 /* DDDownloaderDemo */;
			targetProxy = E3DCEE5F225DD079006D1E72 /* PBXContainerItemProxy */;
		};
		E3DCEE6B225DD079006D1E72 /* PBXTargetDependency */ = {
			isa = PBXTargetDependency;
			target = E3DCEE45225DD078006D1E72 /* DDDownloaderDemo */;
			targetProxy = E3DCEE6A225DD079006D1E72 /* PBXContainerItemProxy */;
		};
/* End PBXTargetDependency section */

/* Begin PBXVariantGroup section */
		E3DCEE54225DD078006D1E72 /* LaunchScreen.storyboard */ = {
			isa = PBXVariantGroup;
			children = (
				E3DCEE55225DD078006D1E72 /* Base */,
			);
			name = LaunchScreen.storyboard;
			sourceTree = "<group>";
		};
/* End PBXVariantGroup section */

/* Begin XCBuildConfiguration section */
		E3DCEE70225DD079006D1E72 /* Debug */ = {
			isa = XCBuildConfiguration;
			buildSettings = {
				ALWAYS_SEARCH_USER_PATHS = NO;
				CLANG_ANALYZER_NONNULL = YES;
				CLANG_ANALYZER_NUMBER_OBJECT_CONVERSION = YES_AGGRESSIVE;
				CLANG_CXX_LANGUAGE_STANDARD = "gnu++14";
				CLANG_CXX_LIBRARY = "libc++";
				CLANG_ENABLE_MODULES = YES;
				CLANG_ENABLE_OBJC_ARC = YES;
				CLANG_ENABLE_OBJC_WEAK = YES;
				CLANG_WARN_BLOCK_CAPTURE_AUTORELEASING = YES;
				CLANG_WARN_BOOL_CONVERSION = YES;
				CLANG_WARN_COMMA = YES;
				CLANG_WARN_CONSTANT_CONVERSION = YES;
				CLANG_WARN_DEPRECATED_OBJC_IMPLEMENTATIONS = YES;
				CLANG_WARN_DIRECT_OBJC_ISA_USAGE = YES_ERROR;
				CLANG_WARN_DOCUMENTATION_COMMENTS = YES;
				CLANG_WARN_EMPTY_BODY = YES;
				CLANG_WARN_ENUM_CONVERSION = YES;
				CLANG_WARN_INFINITE_RECURSION = YES;
				CLANG_WARN_INT_CONVERSION = YES;
				CLANG_WARN_NON_LITERAL_NULL_CONVERSION = YES;
				CLANG_WARN_OBJC_IMPLICIT_RETAIN_SELF = YES;
				CLANG_WARN_OBJC_LITERAL_CONVERSION = YES;
				CLANG_WARN_OBJC_ROOT_CLASS = YES_ERROR;
				CLANG_WARN_RANGE_LOOP_ANALYSIS = YES;
				CLANG_WARN_STRICT_PROTOTYPES = YES;
				CLANG_WARN_SUSPICIOUS_MOVE = YES;
				CLANG_WARN_UNGUARDED_AVAILABILITY = YES_AGGRESSIVE;
				CLANG_WARN_UNREACHABLE_CODE = YES;
				CLANG_WARN__DUPLICATE_METHOD_MATCH = YES;
				CODE_SIGN_IDENTITY = "iPhone Developer";
				COPY_PHASE_STRIP = NO;
				DEBUG_INFORMATION_FORMAT = dwarf;
				ENABLE_STRICT_OBJC_MSGSEND = YES;
				ENABLE_TESTABILITY = YES;
				GCC_C_LANGUAGE_STANDARD = gnu11;
				GCC_DYNAMIC_NO_PIC = NO;
				GCC_NO_COMMON_BLOCKS = YES;
				GCC_OPTIMIZATION_LEVEL = 0;
				GCC_PREPROCESSOR_DEFINITIONS = (
					"DEBUG=1",
					"$(inherited)",
				);
				GCC_WARN_64_TO_32_BIT_CONVERSION = YES;
				GCC_WARN_ABOUT_RETURN_TYPE = YES_ERROR;
				GCC_WARN_UNDECLARED_SELECTOR = YES;
				GCC_WARN_UNINITIALIZED_AUTOS = YES_AGGRESSIVE;
				GCC_WARN_UNUSED_FUNCTION = YES;
				GCC_WARN_UNUSED_VARIABLE = YES;
				IPHONEOS_DEPLOYMENT_TARGET = 9.0;
				MTL_ENABLE_DEBUG_INFO = INCLUDE_SOURCE;
				MTL_FAST_MATH = YES;
				ONLY_ACTIVE_ARCH = YES;
				SDKROOT = iphoneos;
			};
			name = Debug;
		};
		E3DCEE71225DD079006D1E72 /* Release */ = {
			isa = XCBuildConfiguration;
			buildSettings = {
				ALWAYS_SEARCH_USER_PATHS = NO;
				CLANG_ANALYZER_NONNULL = YES;
				CLANG_ANALYZER_NUMBER_OBJECT_CONVERSION = YES_AGGRESSIVE;
				CLANG_CXX_LANGUAGE_STANDARD = "gnu++14";
				CLANG_CXX_LIBRARY = "libc++";
				CLANG_ENABLE_MODULES = YES;
				CLANG_ENABLE_OBJC_ARC = YES;
				CLANG_ENABLE_OBJC_WEAK = YES;
				CLANG_WARN_BLOCK_CAPTURE_AUTORELEASING = YES;
				CLANG_WARN_BOOL_CONVERSION = YES;
				CLANG_WARN_COMMA = YES;
				CLANG_WARN_CONSTANT_CONVERSION = YES;
				CLANG_WARN_DEPRECATED_OBJC_IMPLEMENTATIONS = YES;
				CLANG_WARN_DIRECT_OBJC_ISA_USAGE = YES_ERROR;
				CLANG_WARN_DOCUMENTATION_COMMENTS = YES;
				CLANG_WARN_EMPTY_BODY = YES;
				CLANG_WARN_ENUM_CONVERSION = YES;
				CLANG_WARN_INFINITE_RECURSION = YES;
				CLANG_WARN_INT_CONVERSION = YES;
				CLANG_WARN_NON_LITERAL_NULL_CONVERSION = YES;
				CLANG_WARN_OBJC_IMPLICIT_RETAIN_SELF = YES;
				CLANG_WARN_OBJC_LITERAL_CONVERSION = YES;
				CLANG_WARN_OBJC_ROOT_CLASS = YES_ERROR;
				CLANG_WARN_RANGE_LOOP_ANALYSIS = YES;
				CLANG_WARN_STRICT_PROTOTYPES = YES;
				CLANG_WARN_SUSPICIOUS_MOVE = YES;
				CLANG_WARN_UNGUARDED_AVAILABILITY = YES_AGGRESSIVE;
				CLANG_WARN_UNREACHABLE_CODE = YES;
				CLANG_WARN__DUPLICATE_METHOD_MATCH = YES;
				CODE_SIGN_IDENTITY = "iPhone Developer";
				COPY_PHASE_STRIP = NO;
				DEBUG_INFORMATION_FORMAT = "dwarf-with-dsym";
				ENABLE_NS_ASSERTIONS = NO;
				ENABLE_STRICT_OBJC_MSGSEND = YES;
				GCC_C_LANGUAGE_STANDARD = gnu11;
				GCC_NO_COMMON_BLOCKS = YES;
				GCC_WARN_64_TO_32_BIT_CONVERSION = YES;
				GCC_WARN_ABOUT_RETURN_TYPE = YES_ERROR;
				GCC_WARN_UNDECLARED_SELECTOR = YES;
				GCC_WARN_UNINITIALIZED_AUTOS = YES_AGGRESSIVE;
				GCC_WARN_UNUSED_FUNCTION = YES;
				GCC_WARN_UNUSED_VARIABLE = YES;
				IPHONEOS_DEPLOYMENT_TARGET = 9.0;
				MTL_ENABLE_DEBUG_INFO = NO;
				MTL_FAST_MATH = YES;
				SDKROOT = iphoneos;
				VALIDATE_PRODUCT = YES;
			};
			name = Release;
		};
		E3DCEE73225DD079006D1E72 /* Debug */ = {
			isa = XCBuildConfiguration;
			baseConfigurationReference = A3AEB4011C478B1714A62D8C /* Pods-DDDownloaderDemo.debug.xcconfig */;
			buildSettings = {
				ASSETCATALOG_COMPILER_APPICON_NAME = AppIcon;
				CODE_SIGN_STYLE = Automatic;
				DEVELOPMENT_TEAM = 5E3A9G5UU5;
				INFOPLIST_FILE = DDDownloaderDemo/Info.plist;
				LD_RUNPATH_SEARCH_PATHS = (
					"$(inherited)",
					"@executable_path/Frameworks",
				);
				PRODUCT_BUNDLE_IDENTIFIER = com.wuqh.DDDownloaderDemo;
				PRODUCT_NAME = "$(TARGET_NAME)";
				TARGETED_DEVICE_FAMILY = "1,2";
			};
			name = Debug;
		};
		E3DCEE74225DD079006D1E72 /* Release */ = {
			isa = XCBuildConfiguration;
			baseConfigurationReference = A7C35F65CB466C2E0BB6AFBB /* Pods-DDDownloaderDemo.release.xcconfig */;
			buildSettings = {
				ASSETCATALOG_COMPILER_APPICON_NAME = AppIcon;
				CODE_SIGN_STYLE = Automatic;
				DEVELOPMENT_TEAM = 5E3A9G5UU5;
				INFOPLIST_FILE = DDDownloaderDemo/Info.plist;
				LD_RUNPATH_SEARCH_PATHS = (
					"$(inherited)",
					"@executable_path/Frameworks",
				);
				PRODUCT_BUNDLE_IDENTIFIER = com.wuqh.DDDownloaderDemo;
				PRODUCT_NAME = "$(TARGET_NAME)";
				TARGETED_DEVICE_FAMILY = "1,2";
			};
			name = Release;
		};
		E3DCEE76225DD079006D1E72 /* Debug */ = {
			isa = XCBuildConfiguration;
			baseConfigurationReference = 5B223BC556873498650F70C5 /* Pods-DDDownloaderDemoTests.debug.xcconfig */;
			buildSettings = {
				BUNDLE_LOADER = "$(TEST_HOST)";
				CODE_SIGN_STYLE = Automatic;
				DEVELOPMENT_TEAM = 5E3A9G5UU5;
				INFOPLIST_FILE = DDDownloaderDemoTests/Info.plist;
				LD_RUNPATH_SEARCH_PATHS = (
					"$(inherited)",
					"@executable_path/Frameworks",
					"@loader_path/Frameworks",
				);
				PRODUCT_BUNDLE_IDENTIFIER = com.wuqh.DDDownloaderDemoTests;
				PRODUCT_NAME = "$(TARGET_NAME)";
				TARGETED_DEVICE_FAMILY = "1,2";
				TEST_HOST = "$(BUILT_PRODUCTS_DIR)/DDDownloaderDemo.app/DDDownloaderDemo";
			};
			name = Debug;
		};
		E3DCEE77225DD079006D1E72 /* Release */ = {
			isa = XCBuildConfiguration;
			baseConfigurationReference = 5897B6D40595442106967A84 /* Pods-DDDownloaderDemoTests.release.xcconfig */;
			buildSettings = {
				BUNDLE_LOADER = "$(TEST_HOST)";
				CODE_SIGN_STYLE = Automatic;
				DEVELOPMENT_TEAM = 5E3A9G5UU5;
				INFOPLIST_FILE = DDDownloaderDemoTests/Info.plist;
				LD_RUNPATH_SEARCH_PATHS = (
					"$(inherited)",
					"@executable_path/Frameworks",
					"@loader_path/Frameworks",
				);
				PRODUCT_BUNDLE_IDENTIFIER = com.wuqh.DDDownloaderDemoTests;
				PRODUCT_NAME = "$(TARGET_NAME)";
				TARGETED_DEVICE_FAMILY = "1,2";
				TEST_HOST = "$(BUILT_PRODUCTS_DIR)/DDDownloaderDemo.app/DDDownloaderDemo";
			};
			name = Release;
		};
		E3DCEE79225DD079006D1E72 /* Debug */ = {
			isa = XCBuildConfiguration;
			baseConfigurationReference = 73310E14C539F02DDD4B3DA9 /* Pods-DDDownloaderDemoUITests.debug.xcconfig */;
			buildSettings = {
				CODE_SIGN_STYLE = Automatic;
				DEVELOPMENT_TEAM = 5E3A9G5UU5;
				INFOPLIST_FILE = DDDownloaderDemoUITests/Info.plist;
				LD_RUNPATH_SEARCH_PATHS = (
					"$(inherited)",
					"@executable_path/Frameworks",
					"@loader_path/Frameworks",
				);
				PRODUCT_BUNDLE_IDENTIFIER = com.wuqh.DDDownloaderDemoUITests;
				PRODUCT_NAME = "$(TARGET_NAME)";
				TARGETED_DEVICE_FAMILY = "1,2";
				TEST_TARGET_NAME = DDDownloaderDemo;
			};
			name = Debug;
		};
		E3DCEE7A225DD079006D1E72 /* Release */ = {
			isa = XCBuildConfiguration;
			baseConfigurationReference = 3813E29E7E157310133BB20B /* Pods-DDDownloaderDemoUITests.release.xcconfig */;
			buildSettings = {
				CODE_SIGN_STYLE = Automatic;
				DEVELOPMENT_TEAM = 5E3A9G5UU5;
				INFOPLIST_FILE = DDDownloaderDemoUITests/Info.plist;
				LD_RUNPATH_SEARCH_PATHS = (
					"$(inherited)",
					"@executable_path/Frameworks",
					"@loader_path/Frameworks",
				);
				PRODUCT_BUNDLE_IDENTIFIER = com.wuqh.DDDownloaderDemoUITests;
				PRODUCT_NAME = "$(TARGET_NAME)";
				TARGETED_DEVICE_FAMILY = "1,2";
				TEST_TARGET_NAME = DDDownloaderDemo;
			};
			name = Release;
		};
/* End XCBuildConfiguration section */

/* Begin XCConfigurationList section */
		E3DCEE41225DD078006D1E72 /* Build configuration list for PBXProject "DDDownloaderDemo" */ = {
			isa = XCConfigurationList;
			buildConfigurations = (
				E3DCEE70225DD079006D1E72 /* Debug */,
				E3DCEE71225DD079006D1E72 /* Release */,
			);
			defaultConfigurationIsVisible = 0;
			defaultConfigurationName = Release;
		};
		E3DCEE72225DD079006D1E72 /* Build configuration list for PBXNativeTarget "DDDownloaderDemo" */ = {
			isa = XCConfigurationList;
			buildConfigurations = (
				E3DCEE73225DD079006D1E72 /* Debug */,
				E3DCEE74225DD079006D1E72 /* Release */,
			);
			defaultConfigurationIsVisible = 0;
			defaultConfigurationName = Release;
		};
		E3DCEE75225DD079006D1E72 /* Build configuration list for PBXNativeTarget "DDDownloaderDemoTests" */ = {
			isa = XCConfigurationList;
			buildConfigurations = (
				E3DCEE76225DD079006D1E72 /* Debug */,
				E3DCEE77225DD079006D1E72 /* Release */,
			);
			defaultConfigurationIsVisible = 0;
			defaultConfigurationName = Release;
		};
		E3DCEE78225DD079006D1E72 /* Build configuration list for PBXNativeTarget "DDDownloaderDemoUITests" */ = {
			isa = XCConfigurationList;
			buildConfigurations = (
				E3DCEE79225DD079006D1E72 /* Debug */,
				E3DCEE7A225DD079006D1E72 /* Release */,
			);
			defaultConfigurationIsVisible = 0;
			defaultConfigurationName = Release;
		};
/* End XCConfigurationList section */
	};
	rootObject = E3DCEE3E225DD078006D1E72 /* Project object */;
}
